PODS:
  - MHAppIndexing (0.1.0)
  - Nimble (3.0.0)
  - Quick (0.8.0)

DEPENDENCIES:
  - MHAppIndexing (from `../`)
  - Nimble (= 3.0.0)
  - Quick (~> 0.8.0)

EXTERNAL SOURCES:
  MHAppIndexing:
    :path: "../"

SPEC CHECKSUMS:
  MHAppIndexing: d7aa5471d805a3564dea1109319bdd7a7c8ac4f9
  Nimble: 4c353d43735b38b545cbb4cb91504588eb5de926
  Quick: 563d0f6ec5f72e394645adb377708639b7dd38ab

COCOAPODS: 0.39.0
